// !$*UTF8*$!
{
	archiveVersion = 1;
	classes = {
	};
	objectVersion = 56;
	objects = {

/* Begin PBXBuildFile section */
		C83EC5082C84AAE7006DB0E1 /* AppDelegate.swift in Sources */ = {isa = PBXBuildFile; fileRef = C83EC5072C84AAE7006DB0E1 /* AppDelegate.swift */; };
		C83EC50A2C84AAE7006DB0E1 /* SceneDelegate.swift in Sources */ = {isa = PBXBuildFile; fileRef = C83EC5092C84AAE7006DB0E1 /* SceneDelegate.swift */; };
		C83EC50C2C84AAE7006DB0E1 /* ViewController.swift in Sources */ = {isa = PBXBuildFile; fileRef = C83EC50B2C84AAE7006DB0E1 /* ViewController.swift */; };
		C83EC50F2C84AAE7006DB0E1 /* Base in Resources */ = {isa = PBXBuildFile; fileRef = C83EC50E2C84AAE7006DB0E1 /* Base */; };
		C83EC5112C84AAE8006DB0E1 /* Assets.xcassets in Resources */ = {isa = PBXBuildFile; fileRef = C83EC5102C84AAE8006DB0E1 /* Assets.xcassets */; };
		C83EC5142C84AAE8006DB0E1 /* Base in Resources */ = {isa = PBXBuildFile; fileRef = C83EC5132C84AAE8006DB0E1 /* Base */; };
		C83EC53C2C84BDAD006DB0E1 /* TableViewCell.swift in Sources */ = {isa = PBXBuildFile; fileRef = C83EC53B2C84BDAD006DB0E1 /* TableViewCell.swift */; };
		C8BB6FE82C84F33200AAC1E0 /* ImageLoaderPlusCache.docc in Sources */ = {isa = PBXBuildFile; fileRef = C8BB6FE72C84F33200AAC1E0 /* ImageLoaderPlusCache.docc */; };
		C8BB6FEE2C84F33200AAC1E0 /* ImageLoaderPlusCache.framework in Frameworks */ = {isa = PBXBuildFile; fileRef = C8BB6FE42C84F33200AAC1E0 /* ImageLoaderPlusCache.framework */; };
		C8BB6FF62C84F33200AAC1E0 /* ImageLoaderPlusCache.h in Headers */ = {isa = PBXBuildFile; fileRef = C8BB6FE62C84F33200AAC1E0 /* ImageLoaderPlusCache.h */; settings = {ATTRIBUTES = (Public, ); }; };
		C8BB6FF92C84F33200AAC1E0 /* ImageLoaderPlusCache.framework in Frameworks */ = {isa = PBXBuildFile; fileRef = C8BB6FE42C84F33200AAC1E0 /* ImageLoaderPlusCache.framework */; };
		C8BB6FFA2C84F33200AAC1E0 /* ImageLoaderPlusCache.framework in Embed Frameworks */ = {isa = PBXBuildFile; fileRef = C8BB6FE42C84F33200AAC1E0 /* ImageLoaderPlusCache.framework */; settings = {ATTRIBUTES = (CodeSignOnCopy, RemoveHeadersOnCopy, ); }; };
		C8BB70032C84F36C00AAC1E0 /* ImageClientTests.swift in Sources */ = {isa = PBXBuildFile; fileRef = C83EC51E2C84AAE8006DB0E1 /* ImageClientTests.swift */; };
		C8BB70042C84F36C00AAC1E0 /* MockURLSession.swift in Sources */ = {isa = PBXBuildFile; fileRef = C83EC53D2C84CC99006DB0E1 /* MockURLSession.swift */; };
		C8BB70072C84F41B00AAC1E0 /* ImageClient.swift in Sources */ = {isa = PBXBuildFile; fileRef = C83EC5372C84AAFA006DB0E1 /* ImageClient.swift */; };
		C8BB70082C84F42000AAC1E0 /* URLSessionProtocol.swift in Sources */ = {isa = PBXBuildFile; fileRef = C83EC5392C84AB3C006DB0E1 /* URLSessionProtocol.swift */; };
		C8BB700A2C84F67500AAC1E0 /* NetworkError.swift in Sources */ = {isa = PBXBuildFile; fileRef = C8BB70092C84F67500AAC1E0 /* NetworkError.swift */; };
		C8BB700C2C85084400AAC1E0 /* README.md in Resources */ = {isa = PBXBuildFile; fileRef = C8BB700B2C85084400AAC1E0 /* README.md */; };
/* End PBXBuildFile section */

/* Begin PBXContainerItemProxy section */
		C8BB6FEF2C84F33200AAC1E0 /* PBXContainerItemProxy */ = {
			isa = PBXContainerItemProxy;
			containerPortal = C83EC4FC2C84AAE7006DB0E1 /* Project object */;
			proxyType = 1;
			remoteGlobalIDString = C8BB6FE32C84F33200AAC1E0;
			remoteInfo = ImageLoaderPlusCache;
		};
		C8BB6FF12C84F33200AAC1E0 /* PBXContainerItemProxy */ = {
			isa = PBXContainerItemProxy;
			containerPortal = C83EC4FC2C84AAE7006DB0E1 /* Project object */;
			proxyType = 1;
			remoteGlobalIDString = C83EC5032C84AAE7006DB0E1;
			remoteInfo = ImageLoadingWithCache;
		};
		C8BB6FF72C84F33200AAC1E0 /* PBXContainerItemProxy */ = {
			isa = PBXContainerItemProxy;
			containerPortal = C83EC4FC2C84AAE7006DB0E1 /* Project object */;
			proxyType = 1;
			remoteGlobalIDString = C8BB6FE32C84F33200AAC1E0;
			remoteInfo = ImageLoaderPlusCache;
		};
/* End PBXContainerItemProxy section */

/* Begin PBXCopyFilesBuildPhase section */
		C8BB6FFB2C84F33200AAC1E0 /* Embed Frameworks */ = {
			isa = PBXCopyFilesBuildPhase;
			buildActionMask = 2147483647;
			dstPath = "";
			dstSubfolderSpec = 10;
			files = (
				C8BB6FFA2C84F33200AAC1E0 /* ImageLoaderPlusCache.framework in Embed Frameworks */,
			);
			name = "Embed Frameworks";
			runOnlyForDeploymentPostprocessing = 0;
		};
/* End PBXCopyFilesBuildPhase section */

/* Begin PBXFileReference section */
		C83EC5042C84AAE7006DB0E1 /* ImageLoadingWithCache.app */ = {isa = PBXFileReference; explicitFileType = wrapper.application; includeInIndex = 0; path = ImageLoadingWithCache.app; sourceTree = BUILT_PRODUCTS_DIR; };
		C83EC5072C84AAE7006DB0E1 /* AppDelegate.swift */ = {isa = PBXFileReference; lastKnownFileType = sourcecode.swift; path = AppDelegate.swift; sourceTree = "<group>"; };
		C83EC5092C84AAE7006DB0E1 /* SceneDelegate.swift */ = {isa = PBXFileReference; lastKnownFileType = sourcecode.swift; path = SceneDelegate.swift; sourceTree = "<group>"; };
		C83EC50B2C84AAE7006DB0E1 /* ViewController.swift */ = {isa = PBXFileReference; lastKnownFileType = sourcecode.swift; path = ViewController.swift; sourceTree = "<group>"; };
		C83EC50E2C84AAE7006DB0E1 /* Base */ = {isa = PBXFileReference; lastKnownFileType = file.storyboard; name = Base; path = Base.lproj/Main.storyboard; sourceTree = "<group>"; };
		C83EC5102C84AAE8006DB0E1 /* Assets.xcassets */ = {isa = PBXFileReference; lastKnownFileType = folder.assetcatalog; path = Assets.xcassets; sourceTree = "<group>"; };
		C83EC5132C84AAE8006DB0E1 /* Base */ = {isa = PBXFileReference; lastKnownFileType = file.storyboard; name = Base; path = Base.lproj/LaunchScreen.storyboard; sourceTree = "<group>"; };
		C83EC5152C84AAE8006DB0E1 /* Info.plist */ = {isa = PBXFileReference; lastKnownFileType = text.plist.xml; path = Info.plist; sourceTree = "<group>"; };
		C83EC51E2C84AAE8006DB0E1 /* ImageClientTests.swift */ = {isa = PBXFileReference; lastKnownFileType = sourcecode.swift; path = ImageClientTests.swift; sourceTree = "<group>"; };
		C83EC5372C84AAFA006DB0E1 /* ImageClient.swift */ = {isa = PBXFileReference; lastKnownFileType = sourcecode.swift; path = ImageClient.swift; sourceTree = "<group>"; };
		C83EC5392C84AB3C006DB0E1 /* URLSessionProtocol.swift */ = {isa = PBXFileReference; lastKnownFileType = sourcecode.swift; path = URLSessionProtocol.swift; sourceTree = "<group>"; };
		C83EC53B2C84BDAD006DB0E1 /* TableViewCell.swift */ = {isa = PBXFileReference; lastKnownFileType = sourcecode.swift; path = TableViewCell.swift; sourceTree = "<group>"; };
		C83EC53D2C84CC99006DB0E1 /* MockURLSession.swift */ = {isa = PBXFileReference; lastKnownFileType = sourcecode.swift; path = MockURLSession.swift; sourceTree = "<group>"; };
		C8BB6FE42C84F33200AAC1E0 /* ImageLoaderPlusCache.framework */ = {isa = PBXFileReference; explicitFileType = wrapper.framework; includeInIndex = 0; path = ImageLoaderPlusCache.framework; sourceTree = BUILT_PRODUCTS_DIR; };
		C8BB6FE62C84F33200AAC1E0 /* ImageLoaderPlusCache.h */ = {isa = PBXFileReference; lastKnownFileType = sourcecode.c.h; path = ImageLoaderPlusCache.h; sourceTree = "<group>"; };
		C8BB6FE72C84F33200AAC1E0 /* ImageLoaderPlusCache.docc */ = {isa = PBXFileReference; lastKnownFileType = folder.documentationcatalog; path = ImageLoaderPlusCache.docc; sourceTree = "<group>"; };
		C8BB6FED2C84F33200AAC1E0 /* ImageLoaderPlusCacheTests.xctest */ = {isa = PBXFileReference; explicitFileType = wrapper.cfbundle; includeInIndex = 0; path = ImageLoaderPlusCacheTests.xctest; sourceTree = BUILT_PRODUCTS_DIR; };
		C8BB70092C84F67500AAC1E0 /* NetworkError.swift */ = {isa = PBXFileReference; lastKnownFileType = sourcecode.swift; path = NetworkError.swift; sourceTree = "<group>"; };
		C8BB700B2C85084400AAC1E0 /* README.md */ = {isa = PBXFileReference; lastKnownFileType = net.daringfireball.markdown; path = README.md; sourceTree = "<group>"; };
/* End PBXFileReference section */

/* Begin PBXFrameworksBuildPhase section */
		C83EC5012C84AAE7006DB0E1 /* Frameworks */ = {
			isa = PBXFrameworksBuildPhase;
			buildActionMask = 2147483647;
			files = (
				C8BB6FF92C84F33200AAC1E0 /* ImageLoaderPlusCache.framework in Frameworks */,
			);
			runOnlyForDeploymentPostprocessing = 0;
		};
		C8BB6FE12C84F33200AAC1E0 /* Frameworks */ = {
			isa = PBXFrameworksBuildPhase;
			buildActionMask = 2147483647;
			files = (
			);
			runOnlyForDeploymentPostprocessing = 0;
		};
		C8BB6FEA2C84F33200AAC1E0 /* Frameworks */ = {
			isa = PBXFrameworksBuildPhase;
			buildActionMask = 2147483647;
			files = (
				C8BB6FEE2C84F33200AAC1E0 /* ImageLoaderPlusCache.framework in Frameworks */,
			);
			runOnlyForDeploymentPostprocessing = 0;
		};
/* End PBXFrameworksBuildPhase section */

/* Begin PBXGroup section */
		C83EC4FB2C84AAE7006DB0E1 = {
			isa = PBXGroup;
			children = (
				C83EC5062C84AAE7006DB0E1 /* ImageLoadingWithCache */,
				C8BB6FE52C84F33200AAC1E0 /* ImageLoaderPlusCache */,
				C8BB6FF32C84F33200AAC1E0 /* ImageLoaderPlusCacheTests */,
				C83EC5052C84AAE7006DB0E1 /* Products */,
			);
			sourceTree = "<group>";
		};
		C83EC5052C84AAE7006DB0E1 /* Products */ = {
			isa = PBXGroup;
			children = (
				C83EC5042C84AAE7006DB0E1 /* ImageLoadingWithCache.app */,
				C8BB6FE42C84F33200AAC1E0 /* ImageLoaderPlusCache.framework */,
				C8BB6FED2C84F33200AAC1E0 /* ImageLoaderPlusCacheTests.xctest */,
			);
			name = Products;
			sourceTree = "<group>";
		};
		C83EC5062C84AAE7006DB0E1 /* ImageLoadingWithCache */ = {
			isa = PBXGroup;
			children = (
				C83EC5072C84AAE7006DB0E1 /* AppDelegate.swift */,
				C83EC5092C84AAE7006DB0E1 /* SceneDelegate.swift */,
				C83EC50B2C84AAE7006DB0E1 /* ViewController.swift */,
				C83EC53B2C84BDAD006DB0E1 /* TableViewCell.swift */,
				C83EC50D2C84AAE7006DB0E1 /* Main.storyboard */,
				C83EC5102C84AAE8006DB0E1 /* Assets.xcassets */,
				C83EC5122C84AAE8006DB0E1 /* LaunchScreen.storyboard */,
				C83EC5152C84AAE8006DB0E1 /* Info.plist */,
				C8BB700B2C85084400AAC1E0 /* README.md */,
			);
			path = ImageLoadingWithCache;
			sourceTree = "<group>";
		};
		C8BB6FE52C84F33200AAC1E0 /* ImageLoaderPlusCache */ = {
			isa = PBXGroup;
			children = (
				C83EC5372C84AAFA006DB0E1 /* ImageClient.swift */,
				C8BB70092C84F67500AAC1E0 /* NetworkError.swift */,
				C83EC5392C84AB3C006DB0E1 /* URLSessionProtocol.swift */,
				C8BB6FE62C84F33200AAC1E0 /* ImageLoaderPlusCache.h */,
				C8BB6FE72C84F33200AAC1E0 /* ImageLoaderPlusCache.docc */,
			);
			path = ImageLoaderPlusCache;
			sourceTree = "<group>";
		};
		C8BB6FF32C84F33200AAC1E0 /* ImageLoaderPlusCacheTests */ = {
			isa = PBXGroup;
			children = (
				C83EC51E2C84AAE8006DB0E1 /* ImageClientTests.swift */,
				C83EC53D2C84CC99006DB0E1 /* MockURLSession.swift */,
			);
			path = ImageLoaderPlusCacheTests;
			sourceTree = "<group>";
		};
/* End PBXGroup section */

/* Begin PBXHeadersBuildPhase section */
		C8BB6FDF2C84F33200AAC1E0 /* Headers */ = {
			isa = PBXHeadersBuildPhase;
			buildActionMask = 2147483647;
			files = (
				C8BB6FF62C84F33200AAC1E0 /* ImageLoaderPlusCache.h in Headers */,
			);
			runOnlyForDeploymentPostprocessing = 0;
		};
/* End PBXHeadersBuildPhase section */

/* Begin PBXNativeTarget section */
		C83EC5032C84AAE7006DB0E1 /* ImageLoadingWithCache */ = {
			isa = PBXNativeTarget;
			buildConfigurationList = C83EC52E2C84AAE8006DB0E1 /* Build configuration list for PBXNativeTarget "ImageLoadingWithCache" */;
			buildPhases = (
				C83EC5002C84AAE7006DB0E1 /* Sources */,
				C83EC5012C84AAE7006DB0E1 /* Frameworks */,
				C83EC5022C84AAE7006DB0E1 /* Resources */,
				C8BB6FFB2C84F33200AAC1E0 /* Embed Frameworks */,
			);
			buildRules = (
			);
			dependencies = (
				C8BB6FF82C84F33200AAC1E0 /* PBXTargetDependency */,
			);
			name = ImageLoadingWithCache;
			productName = ImageLoadingWithCache;
			productReference = C83EC5042C84AAE7006DB0E1 /* ImageLoadingWithCache.app */;
			productType = "com.apple.product-type.application";
		};
		C8BB6FE32C84F33200AAC1E0 /* ImageLoaderPlusCache */ = {
			isa = PBXNativeTarget;
			buildConfigurationList = C8BB70002C84F33200AAC1E0 /* Build configuration list for PBXNativeTarget "ImageLoaderPlusCache" */;
			buildPhases = (
				C8BB6FDF2C84F33200AAC1E0 /* Headers */,
				C8BB6FE02C84F33200AAC1E0 /* Sources */,
				C8BB6FE12C84F33200AAC1E0 /* Frameworks */,
				C8BB6FE22C84F33200AAC1E0 /* Resources */,
			);
			buildRules = (
			);
			dependencies = (
			);
			name = ImageLoaderPlusCache;
			productName = ImageLoaderPlusCache;
			productReference = C8BB6FE42C84F33200AAC1E0 /* ImageLoaderPlusCache.framework */;
			productType = "com.apple.product-type.framework";
		};
		C8BB6FEC2C84F33200AAC1E0 /* ImageLoaderPlusCacheTests */ = {
			isa = PBXNativeTarget;
			buildConfigurationList = C8BB70012C84F33200AAC1E0 /* Build configuration list for PBXNativeTarget "ImageLoaderPlusCacheTests" */;
			buildPhases = (
				C8BB6FE92C84F33200AAC1E0 /* Sources */,
				C8BB6FEA2C84F33200AAC1E0 /* Frameworks */,
				C8BB6FEB2C84F33200AAC1E0 /* Resources */,
			);
			buildRules = (
			);
			dependencies = (
				C8BB6FF02C84F33200AAC1E0 /* PBXTargetDependency */,
				C8BB6FF22C84F33200AAC1E0 /* PBXTargetDependency */,
			);
			name = ImageLoaderPlusCacheTests;
			productName = ImageLoaderPlusCacheTests;
			productReference = C8BB6FED2C84F33200AAC1E0 /* ImageLoaderPlusCacheTests.xctest */;
			productType = "com.apple.product-type.bundle.unit-test";
		};
/* End PBXNativeTarget section */

/* Begin PBXProject section */
		C83EC4FC2C84AAE7006DB0E1 /* Project object */ = {
			isa = PBXProject;
			attributes = {
				BuildIndependentTargetsInParallel = 1;
				LastSwiftUpdateCheck = 1540;
				LastUpgradeCheck = 1540;
				TargetAttributes = {
					C83EC5032C84AAE7006DB0E1 = {
						CreatedOnToolsVersion = 15.4;
					};
					C8BB6FE32C84F33200AAC1E0 = {
						CreatedOnToolsVersion = 15.4;
					};
					C8BB6FEC2C84F33200AAC1E0 = {
						CreatedOnToolsVersion = 15.4;
						TestTargetID = C83EC5032C84AAE7006DB0E1;
					};
				};
			};
			buildConfigurationList = C83EC4FF2C84AAE7006DB0E1 /* Build configuration list for PBXProject "ImageLoadingWithCache" */;
			compatibilityVersion = "Xcode 14.0";
			developmentRegion = en;
			hasScannedForEncodings = 0;
			knownRegions = (
				en,
				Base,
			);
			mainGroup = C83EC4FB2C84AAE7006DB0E1;
			productRefGroup = C83EC5052C84AAE7006DB0E1 /* Products */;
			projectDirPath = "";
			projectRoot = "";
			targets = (
				C83EC5032C84AAE7006DB0E1 /* ImageLoadingWithCache */,
				C8BB6FE32C84F33200AAC1E0 /* ImageLoaderPlusCache */,
				C8BB6FEC2C84F33200AAC1E0 /* ImageLoaderPlusCacheTests */,
			);
		};
/* End PBXProject section */

/* Begin PBXResourcesBuildPhase section */
		C83EC5022C84AAE7006DB0E1 /* Resources */ = {
			isa = PBXResourcesBuildPhase;
			buildActionMask = 2147483647;
			files = (
				C83EC5112C84AAE8006DB0E1 /* Assets.xcassets in Resources */,
				C83EC5142C84AAE8006DB0E1 /* Base in Resources */,
				C8BB700C2C85084400AAC1E0 /* README.md in Resources */,
				C83EC50F2C84AAE7006DB0E1 /* Base in Resources */,
			);
			runOnlyForDeploymentPostprocessing = 0;
		};
		C8BB6FE22C84F33200AAC1E0 /* Resources */ = {
			isa = PBXResourcesBuildPhase;
			buildActionMask = 2147483647;
			files = (
			);
			runOnlyForDeploymentPostprocessing = 0;
		};
		C8BB6FEB2C84F33200AAC1E0 /* Resources */ = {
			isa = PBXResourcesBuildPhase;
			buildActionMask = 2147483647;
			files = (
			);
			runOnlyForDeploymentPostprocessing = 0;
		};
/* End PBXResourcesBuildPhase section */

/* Begin PBXSourcesBuildPhase section */
		C83EC5002C84AAE7006DB0E1 /* Sources */ = {
			isa = PBXSourcesBuildPhase;
			buildActionMask = 2147483647;
			files = (
				C83EC50C2C84AAE7006DB0E1 /* ViewController.swift in Sources */,
				C83EC5082C84AAE7006DB0E1 /* AppDelegate.swift in Sources */,
				C83EC53C2C84BDAD006DB0E1 /* TableViewCell.swift in Sources */,
				C83EC50A2C84AAE7006DB0E1 /* SceneDelegate.swift in Sources */,
			);
			runOnlyForDeploymentPostprocessing = 0;
		};
		C8BB6FE02C84F33200AAC1E0 /* Sources */ = {
			isa = PBXSourcesBuildPhase;
			buildActionMask = 2147483647;
			files = (
				C8BB70082C84F42000AAC1E0 /* URLSessionProtocol.swift in Sources */,
				C8BB700A2C84F67500AAC1E0 /* NetworkError.swift in Sources */,
				C8BB70072C84F41B00AAC1E0 /* ImageClient.swift in Sources */,
				C8BB6FE82C84F33200AAC1E0 /* ImageLoaderPlusCache.docc in Sources */,
			);
			runOnlyForDeploymentPostprocessing = 0;
		};
		C8BB6FE92C84F33200AAC1E0 /* Sources */ = {
			isa = PBXSourcesBuildPhase;
			buildActionMask = 2147483647;
			files = (
				C8BB70042C84F36C00AAC1E0 /* MockURLSession.swift in Sources */,
				C8BB70032C84F36C00AAC1E0 /* ImageClientTests.swift in Sources */,
			);
			runOnlyForDeploymentPostprocessing = 0;
		};
/* End PBXSourcesBuildPhase section */

/* Begin PBXTargetDependency section */
		C8BB6FF02C84F33200AAC1E0 /* PBXTargetDependency */ = {
			isa = PBXTargetDependency;
			target = C8BB6FE32C84F33200AAC1E0 /* ImageLoaderPlusCache */;
			targetProxy = C8BB6FEF2C84F33200AAC1E0 /* PBXContainerItemProxy */;
		};
		C8BB6FF22C84F33200AAC1E0 /* PBXTargetDependency */ = {
			isa = PBXTargetDependency;
			target = C83EC5032C84AAE7006DB0E1 /* ImageLoadingWithCache */;
			targetProxy = C8BB6FF12C84F33200AAC1E0 /* PBXContainerItemProxy */;
		};
		C8BB6FF82C84F33200AAC1E0 /* PBXTargetDependency */ = {
			isa = PBXTargetDependency;
			target = C8BB6FE32C84F33200AAC1E0 /* ImageLoaderPlusCache */;
			targetProxy = C8BB6FF72C84F33200AAC1E0 /* PBXContainerItemProxy */;
		};
/* End PBXTargetDependency section */

/* Begin PBXVariantGroup section */
		C83EC50D2C84AAE7006DB0E1 /* Main.storyboard */ = {
			isa = PBXVariantGroup;
			children = (
				C83EC50E2C84AAE7006DB0E1 /* Base */,
			);
			name = Main.storyboard;
			sourceTree = "<group>";
		};
		C83EC5122C84AAE8006DB0E1 /* LaunchScreen.storyboard */ = {
			isa = PBXVariantGroup;
			children = (
				C83EC5132C84AAE8006DB0E1 /* Base */,
			);
			name = LaunchScreen.storyboard;
			sourceTree = "<group>";
		};
/* End PBXVariantGroup section */

/* Begin XCBuildConfiguration section */
		C83EC52C2C84AAE8006DB0E1 /* Debug */ = {
			isa = XCBuildConfiguration;
			buildSettings = {
				ALWAYS_SEARCH_USER_PATHS = NO;
				ASSETCATALOG_COMPILER_GENERATE_SWIFT_ASSET_SYMBOL_EXTENSIONS = YES;
				CLANG_ANALYZER_NONNULL = YES;
				CLANG_ANALYZER_NUMBER_OBJECT_CONVERSION = YES_AGGRESSIVE;
				CLANG_CXX_LANGUAGE_STANDARD = "gnu++20";
				CLANG_ENABLE_MODULES = YES;
				CLANG_ENABLE_OBJC_ARC = YES;
				CLANG_ENABLE_OBJC_WEAK = YES;
				CLANG_WARN_BLOCK_CAPTURE_AUTORELEASING = YES;
				CLANG_WARN_BOOL_CONVERSION = YES;
				CLANG_WARN_COMMA = YES;
				CLANG_WARN_CONSTANT_CONVERSION = YES;
				CLANG_WARN_DEPRECATED_OBJC_IMPLEMENTATIONS = YES;
				CLANG_WARN_DIRECT_OBJC_ISA_USAGE = YES_ERROR;
				CLANG_WARN_DOCUMENTATION_COMMENTS = YES;
				CLANG_WARN_EMPTY_BODY = YES;
				CLANG_WARN_ENUM_CONVERSION = YES;
				CLANG_WARN_INFINITE_RECURSION = YES;
				CLANG_WARN_INT_CONVERSION = YES;
				CLANG_WARN_NON_LITERAL_NULL_CONVERSION = YES;
				CLANG_WARN_OBJC_IMPLICIT_RETAIN_SELF = YES;
				CLANG_WARN_OBJC_LITERAL_CONVERSION = YES;
				CLANG_WARN_OBJC_ROOT_CLASS = YES_ERROR;
				CLANG_WARN_QUOTED_INCLUDE_IN_FRAMEWORK_HEADER = YES;
				CLANG_WARN_RANGE_LOOP_ANALYSIS = YES;
				CLANG_WARN_STRICT_PROTOTYPES = YES;
				CLANG_WARN_SUSPICIOUS_MOVE = YES;
				CLANG_WARN_UNGUARDED_AVAILABILITY = YES_AGGRESSIVE;
				CLANG_WARN_UNREACHABLE_CODE = YES;
				CLANG_WARN__DUPLICATE_METHOD_MATCH = YES;
				COPY_PHASE_STRIP = NO;
				DEBUG_INFORMATION_FORMAT = dwarf;
				ENABLE_STRICT_OBJC_MSGSEND = YES;
				ENABLE_TESTABILITY = YES;
				ENABLE_USER_SCRIPT_SANDBOXING = YES;
				GCC_C_LANGUAGE_STANDARD = gnu17;
				GCC_DYNAMIC_NO_PIC = NO;
				GCC_NO_COMMON_BLOCKS = YES;
				GCC_OPTIMIZATION_LEVEL = 0;
				GCC_PREPROCESSOR_DEFINITIONS = (
					"DEBUG=1",
					"$(inherited)",
				);
				GCC_WARN_64_TO_32_BIT_CONVERSION = YES;
				GCC_WARN_ABOUT_RETURN_TYPE = YES_ERROR;
				GCC_WARN_UNDECLARED_SELECTOR = YES;
				GCC_WARN_UNINITIALIZED_AUTOS = YES_AGGRESSIVE;
				GCC_WARN_UNUSED_FUNCTION = YES;
				GCC_WARN_UNUSED_VARIABLE = YES;
				IPHONEOS_DEPLOYMENT_TARGET = 17.5;
				LOCALIZATION_PREFERS_STRING_CATALOGS = YES;
				MTL_ENABLE_DEBUG_INFO = INCLUDE_SOURCE;
				MTL_FAST_MATH = YES;
				ONLY_ACTIVE_ARCH = YES;
				SDKROOT = iphoneos;
				SWIFT_ACTIVE_COMPILATION_CONDITIONS = "DEBUG $(inherited)";
				SWIFT_OPTIMIZATION_LEVEL = "-Onone";
			};
			name = Debug;
		};
		C83EC52D2C84AAE8006DB0E1 /* Release */ = {
			isa = XCBuildConfiguration;
			buildSettings = {
				ALWAYS_SEARCH_USER_PATHS = NO;
				ASSETCATALOG_COMPILER_GENERATE_SWIFT_ASSET_SYMBOL_EXTENSIONS = YES;
				CLANG_ANALYZER_NONNULL = YES;
				CLANG_ANALYZER_NUMBER_OBJECT_CONVERSION = YES_AGGRESSIVE;
				CLANG_CXX_LANGUAGE_STANDARD = "gnu++20";
				CLANG_ENABLE_MODULES = YES;
				CLANG_ENABLE_OBJC_ARC = YES;
				CLANG_ENABLE_OBJC_WEAK = YES;
				CLANG_WARN_BLOCK_CAPTURE_AUTORELEASING = YES;
				CLANG_WARN_BOOL_CONVERSION = YES;
				CLANG_WARN_COMMA = YES;
				CLANG_WARN_CONSTANT_CONVERSION = YES;
				CLANG_WARN_DEPRECATED_OBJC_IMPLEMENTATIONS = YES;
				CLANG_WARN_DIRECT_OBJC_ISA_USAGE = YES_ERROR;
				CLANG_WARN_DOCUMENTATION_COMMENTS = YES;
				CLANG_WARN_EMPTY_BODY = YES;
				CLANG_WARN_ENUM_CONVERSION = YES;
				CLANG_WARN_INFINITE_RECURSION = YES;
				CLANG_WARN_INT_CONVERSION = YES;
				CLANG_WARN_NON_LITERAL_NULL_CONVERSION = YES;
				CLANG_WARN_OBJC_IMPLICIT_RETAIN_SELF = YES;
				CLANG_WARN_OBJC_LITERAL_CONVERSION = YES;
				CLANG_WARN_OBJC_ROOT_CLASS = YES_ERROR;
				CLANG_WARN_QUOTED_INCLUDE_IN_FRAMEWORK_HEADER = YES;
				CLANG_WARN_RANGE_LOOP_ANALYSIS = YES;
				CLANG_WARN_STRICT_PROTOTYPES = YES;
				CLANG_WARN_SUSPICIOUS_MOVE = YES;
				CLANG_WARN_UNGUARDED_AVAILABILITY = YES_AGGRESSIVE;
				CLANG_WARN_UNREACHABLE_CODE = YES;
				CLANG_WARN__DUPLICATE_METHOD_MATCH = YES;
				COPY_PHASE_STRIP = NO;
				DEBUG_INFORMATION_FORMAT = "dwarf-with-dsym";
				ENABLE_NS_ASSERTIONS = NO;
				ENABLE_STRICT_OBJC_MSGSEND = YES;
				ENABLE_USER_SCRIPT_SANDBOXING = YES;
				GCC_C_LANGUAGE_STANDARD = gnu17;
				GCC_NO_COMMON_BLOCKS = YES;
				GCC_WARN_64_TO_32_BIT_CONVERSION = YES;
				GCC_WARN_ABOUT_RETURN_TYPE = YES_ERROR;
				GCC_WARN_UNDECLARED_SELECTOR = YES;
				GCC_WARN_UNINITIALIZED_AUTOS = YES_AGGRESSIVE;
				GCC_WARN_UNUSED_FUNCTION = YES;
				GCC_WARN_UNUSED_VARIABLE = YES;
				IPHONEOS_DEPLOYMENT_TARGET = 17.5;
				LOCALIZATION_PREFERS_STRING_CATALOGS = YES;
				MTL_ENABLE_DEBUG_INFO = NO;
				MTL_FAST_MATH = YES;
				SDKROOT = iphoneos;
				SWIFT_COMPILATION_MODE = wholemodule;
				VALIDATE_PRODUCT = YES;
			};
			name = Release;
		};
		C83EC52F2C84AAE8006DB0E1 /* Debug */ = {
			isa = XCBuildConfiguration;
			buildSettings = {
				ALWAYS_EMBED_SWIFT_STANDARD_LIBRARIES = YES;
				ASSETCATALOG_COMPILER_APPICON_NAME = AppIcon;
				ASSETCATALOG_COMPILER_GLOBAL_ACCENT_COLOR_NAME = AccentColor;
				CODE_SIGN_STYLE = Automatic;
				CURRENT_PROJECT_VERSION = 1;
				GENERATE_INFOPLIST_FILE = YES;
				INFOPLIST_FILE = ImageLoadingWithCache/Info.plist;
				INFOPLIST_KEY_UIApplicationSupportsIndirectInputEvents = YES;
				INFOPLIST_KEY_UILaunchStoryboardName = LaunchScreen;
				INFOPLIST_KEY_UIMainStoryboardFile = Main;
				INFOPLIST_KEY_UISupportedInterfaceOrientations_iPad = "UIInterfaceOrientationPortrait UIInterfaceOrientationPortraitUpsideDown UIInterfaceOrientationLandscapeLeft UIInterfaceOrientationLandscapeRight";
				INFOPLIST_KEY_UISupportedInterfaceOrientations_iPhone = "UIInterfaceOrientationPortrait UIInterfaceOrientationLandscapeLeft UIInterfaceOrientationLandscapeRight";
				LD_RUNPATH_SEARCH_PATHS = (
					"$(inherited)",
					"@executable_path/Frameworks",
				);
				MARKETING_VERSION = 1.0;
				PRODUCT_BUNDLE_IDENTIFIER = jrod.ImageLoadingWithCache;
				PRODUCT_NAME = "$(TARGET_NAME)";
				SWIFT_EMIT_LOC_STRINGS = YES;
				SWIFT_VERSION = 5.0;
				TARGETED_DEVICE_FAMILY = "1,2";
			};
			name = Debug;
		};
		C83EC5302C84AAE8006DB0E1 /* Release */ = {
			isa = XCBuildConfiguration;
			buildSettings = {
				ALWAYS_EMBED_SWIFT_STANDARD_LIBRARIES = YES;
				ASSETCATALOG_COMPILER_APPICON_NAME = AppIcon;
				ASSETCATALOG_COMPILER_GLOBAL_ACCENT_COLOR_NAME = AccentColor;
				CODE_SIGN_STYLE = Automatic;
				CURRENT_PROJECT_VERSION = 1;
				GENERATE_INFOPLIST_FILE = YES;
				INFOPLIST_FILE = ImageLoadingWithCache/Info.plist;
				INFOPLIST_KEY_UIApplicationSupportsIndirectInputEvents = YES;
				INFOPLIST_KEY_UILaunchStoryboardName = LaunchScreen;
				INFOPLIST_KEY_UIMainStoryboardFile = Main;
				INFOPLIST_KEY_UISupportedInterfaceOrientations_iPad = "UIInterfaceOrientationPortrait UIInterfaceOrientationPortraitUpsideDown UIInterfaceOrientationLandscapeLeft UIInterfaceOrientationLandscapeRight";
				INFOPLIST_KEY_UISupportedInterfaceOrientations_iPhone = "UIInterfaceOrientationPortrait UIInterfaceOrientationLandscapeLeft UIInterfaceOrientationLandscapeRight";
				LD_RUNPATH_SEARCH_PATHS = (
					"$(inherited)",
					"@executable_path/Frameworks",
				);
				MARKETING_VERSION = 1.0;
				PRODUCT_BUNDLE_IDENTIFIER = jrod.ImageLoadingWithCache;
				PRODUCT_NAME = "$(TARGET_NAME)";
				SWIFT_EMIT_LOC_STRINGS = YES;
				SWIFT_VERSION = 5.0;
				TARGETED_DEVICE_FAMILY = "1,2";
			};
			name = Release;
		};
		C8BB6FFC2C84F33200AAC1E0 /* Debug */ = {
			isa = XCBuildConfiguration;
			buildSettings = {
				BUILD_LIBRARY_FOR_DISTRIBUTION = YES;
				CODE_SIGN_STYLE = Automatic;
				CURRENT_PROJECT_VERSION = 1;
				DEFINES_MODULE = YES;
				DYLIB_COMPATIBILITY_VERSION = 1;
				DYLIB_CURRENT_VERSION = 1;
				DYLIB_INSTALL_NAME_BASE = "@rpath";
				ENABLE_MODULE_VERIFIER = YES;
				GENERATE_INFOPLIST_FILE = YES;
				INFOPLIST_KEY_NSHumanReadableCopyright = "";
				INSTALL_PATH = "$(LOCAL_LIBRARY_DIR)/Frameworks";
				LD_RUNPATH_SEARCH_PATHS = (
					"$(inherited)",
					"@executable_path/Frameworks",
					"@loader_path/Frameworks",
				);
				MARKETING_VERSION = 1.0;
				MODULE_VERIFIER_SUPPORTED_LANGUAGES = "objective-c objective-c++";
				MODULE_VERIFIER_SUPPORTED_LANGUAGE_STANDARDS = "gnu17 gnu++20";
				PRODUCT_BUNDLE_IDENTIFIER = jrod.ImageLoaderPlusCache;
				PRODUCT_NAME = "$(TARGET_NAME:c99extidentifier)";
				SKIP_INSTALL = YES;
				SWIFT_EMIT_LOC_STRINGS = YES;
				SWIFT_INSTALL_OBJC_HEADER = NO;
				SWIFT_VERSION = 5.0;
				TARGETED_DEVICE_FAMILY = "1,2";
				VERSIONING_SYSTEM = "apple-generic";
				VERSION_INFO_PREFIX = "";
			};
			name = Debug;
		};
		C8BB6FFD2C84F33200AAC1E0 /* Release */ = {
			isa = XCBuildConfiguration;
			buildSettings = {
				BUILD_LIBRARY_FOR_DISTRIBUTION = YES;
				CODE_SIGN_STYLE = Automatic;
				CURRENT_PROJECT_VERSION = 1;
				DEFINES_MODULE = YES;
				DYLIB_COMPATIBILITY_VERSION = 1;
				DYLIB_CURRENT_VERSION = 1;
				DYLIB_INSTALL_NAME_BASE = "@rpath";
				ENABLE_MODULE_VERIFIER = YES;
				GENERATE_INFOPLIST_FILE = YES;
				INFOPLIST_KEY_NSHumanReadableCopyright = "";
				INSTALL_PATH = "$(LOCAL_LIBRARY_DIR)/Frameworks";
				LD_RUNPATH_SEARCH_PATHS = (
					"$(inherited)",
					"@executable_path/Frameworks",
					"@loader_path/Frameworks",
				);
				MARKETING_VERSION = 1.0;
				MODULE_VERIFIER_SUPPORTED_LANGUAGES = "objective-c objective-c++";
				MODULE_VERIFIER_SUPPORTED_LANGUAGE_STANDARDS = "gnu17 gnu++20";
				PRODUCT_BUNDLE_IDENTIFIER = jrod.ImageLoaderPlusCache;
				PRODUCT_NAME = "$(TARGET_NAME:c99extidentifier)";
				SKIP_INSTALL = YES;
				SWIFT_EMIT_LOC_STRINGS = YES;
				SWIFT_INSTALL_OBJC_HEADER = NO;
				SWIFT_VERSION = 5.0;
				TARGETED_DEVICE_FAMILY = "1,2";
				VERSIONING_SYSTEM = "apple-generic";
				VERSION_INFO_PREFIX = "";
			};
			name = Release;
		};
		C8BB6FFE2C84F33200AAC1E0 /* Debug */ = {
			isa = XCBuildConfiguration;
			buildSettings = {
				ALWAYS_EMBED_SWIFT_STANDARD_LIBRARIES = YES;
				CODE_SIGN_STYLE = Automatic;
				CURRENT_PROJECT_VERSION = 1;
				GENERATE_INFOPLIST_FILE = YES;
				MARKETING_VERSION = 1.0;
				PRODUCT_BUNDLE_IDENTIFIER = jrod.ImageLoaderPlusCacheTests;
				PRODUCT_NAME = "$(TARGET_NAME)";
				SWIFT_EMIT_LOC_STRINGS = NO;
				SWIFT_VERSION = 5.0;
				TARGETED_DEVICE_FAMILY = "1,2";
				TEST_HOST = "$(BUILT_PRODUCTS_DIR)/ImageLoadingWithCache.app/$(BUNDLE_EXECUTABLE_FOLDER_PATH)/ImageLoadingWithCache";
			};
			name = Debug;
		};
		C8BB6FFF2C84F33200AAC1E0 /* Release */ = {
			isa = XCBuildConfiguration;
			buildSettings = {
				ALWAYS_EMBED_SWIFT_STANDARD_LIBRARIES = YES;
				CODE_SIGN_STYLE = Automatic;
				CURRENT_PROJECT_VERSION = 1;
				GENERATE_INFOPLIST_FILE = YES;
				MARKETING_VERSION = 1.0;
				PRODUCT_BUNDLE_IDENTIFIER = jrod.ImageLoaderPlusCacheTests;
				PRODUCT_NAME = "$(TARGET_NAME)";
				SWIFT_EMIT_LOC_STRINGS = NO;
				SWIFT_VERSION = 5.0;
				TARGETED_DEVICE_FAMILY = "1,2";
				TEST_HOST = "$(BUILT_PRODUCTS_DIR)/ImageLoadingWithCache.app/$(BUNDLE_EXECUTABLE_FOLDER_PATH)/ImageLoadingWithCache";
			};
			name = Release;
		};
/* End XCBuildConfiguration section */

/* Begin XCConfigurationList section */
		C83EC4FF2C84AAE7006DB0E1 /* Build configuration list for PBXProject "ImageLoadingWithCache" */ = {
			isa = XCConfigurationList;
			buildConfigurations = (
				C83EC52C2C84AAE8006DB0E1 /* Debug */,
				C83EC52D2C84AAE8006DB0E1 /* Release */,
			);
			defaultConfigurationIsVisible = 0;
			defaultConfigurationName = Release;
		};
		C83EC52E2C84AAE8006DB0E1 /* Build configuration list for PBXNativeTarget "ImageLoadingWithCache" */ = {
			isa = XCConfigurationList;
			buildConfigurations = (
				C83EC52F2C84AAE8006DB0E1 /* Debug */,
				C83EC5302C84AAE8006DB0E1 /* Release */,
			);
			defaultConfigurationIsVisible = 0;
			defaultConfigurationName = Release;
		};
		C8BB70002C84F33200AAC1E0 /* Build configuration list for PBXNativeTarget "ImageLoaderPlusCache" */ = {
			isa = XCConfigurationList;
			buildConfigurations = (
				C8BB6FFC2C84F33200AAC1E0 /* Debug */,
				C8BB6FFD2C84F33200AAC1E0 /* Release */,
			);
			defaultConfigurationIsVisible = 0;
			defaultConfigurationName = Release;
		};
		C8BB70012C84F33200AAC1E0 /* Build configuration list for PBXNativeTarget "ImageLoaderPlusCacheTests" */ = {
			isa = XCConfigurationList;
			buildConfigurations = (
				C8BB6FFE2C84F33200AAC1E0 /* Debug */,
				C8BB6FFF2C84F33200AAC1E0 /* Release */,
			);
			defaultConfigurationIsVisible = 0;
			defaultConfigurationName = Release;
		};
/* End XCConfigurationList section */
	};
	rootObject = C83EC4FC2C84AAE7006DB0E1 /* Project object */;
}
