// !$*UTF8*$!
{
	archiveVersion = 1;
	classes = {
	};
	objectVersion = 56;
	objects = {

/* Begin PBXBuildFile section */
		C83EC5082C84AAE7006DB0E1 /* AppDelegate.swift in Sources */ = {isa = PBXBuildFile; fileRef = C83EC5072C84AAE7006DB0E1 /* AppDelegate.swift */; };
		C83EC50A2C84AAE7006DB0E1 /* SceneDelegate.swift in Sources */ = {isa = PBXBuildFile; fileRef = C83EC5092C84AAE7006DB0E1 /* SceneDelegate.swift */; };
		C83EC50C2C84AAE7006DB0E1 /* ViewController.swift in Sources */ = {isa = PBXBuildFile; fileRef = C83EC50B2C84AAE7006DB0E1 /* ViewController.swift */; };
		C83EC50F2C84AAE7006DB0E1 /* Base in Resources */ = {isa = PBXBuildFile; fileRef = C83EC50E2C84AAE7006DB0E1 /* Base */; };
		C83EC5112C84AAE8006DB0E1 /* Assets.xcassets in Resources */ = {isa = PBXBuildFile; fileRef = C83EC5102C84AAE8006DB0E1 /* Assets.xcassets */; };
		C83EC5142C84AAE8006DB0E1 /* Base in Resources */ = {isa = PBXBuildFile; fileRef = C83EC5132C84AAE8006DB0E1 /* Base */; };
		C83EC51F2C84AAE8006DB0E1 /* ImageLoadingWithCacheTests.swift in Sources */ = {isa = PBXBuildFile; fileRef = C83EC51E2C84AAE8006DB0E1 /* ImageLoadingWithCacheTests.swift */; };
		C83EC5292C84AAE8006DB0E1 /* ImageLoadingWithCacheUITests.swift in Sources */ = {isa = PBXBuildFile; fileRef = C83EC5282C84AAE8006DB0E1 /* ImageLoadingWithCacheUITests.swift */; };
		C83EC52B2C84AAE8006DB0E1 /* ImageLoadingWithCacheUITestsLaunchTests.swift in Sources */ = {isa = PBXBuildFile; fileRef = C83EC52A2C84AAE8006DB0E1 /* ImageLoadingWithCacheUITestsLaunchTests.swift */; };
/* End PBXBuildFile section */

/* Begin PBXContainerItemProxy section */
		C83EC51B2C84AAE8006DB0E1 /* PBXContainerItemProxy */ = {
			isa = PBXContainerItemProxy;
			containerPortal = C83EC4FC2C84AAE7006DB0E1 /* Project object */;
			proxyType = 1;
			remoteGlobalIDString = C83EC5032C84AAE7006DB0E1;
			remoteInfo = ImageLoadingWithCache;
		};
		C83EC5252C84AAE8006DB0E1 /* PBXContainerItemProxy */ = {
			isa = PBXContainerItemProxy;
			containerPortal = C83EC4FC2C84AAE7006DB0E1 /* Project object */;
			proxyType = 1;
			remoteGlobalIDString = C83EC5032C84AAE7006DB0E1;
			remoteInfo = ImageLoadingWithCache;
		};
/* End PBXContainerItemProxy section */

/* Begin PBXFileReference section */
		C83EC5042C84AAE7006DB0E1 /* ImageLoadingWithCache.app */ = {isa = PBXFileReference; explicitFileType = wrapper.application; includeInIndex = 0; path = ImageLoadingWithCache.app; sourceTree = BUILT_PRODUCTS_DIR; };
		C83EC5072C84AAE7006DB0E1 /* AppDelegate.swift */ = {isa = PBXFileReference; lastKnownFileType = sourcecode.swift; path = AppDelegate.swift; sourceTree = "<group>"; };
		C83EC5092C84AAE7006DB0E1 /* SceneDelegate.swift */ = {isa = PBXFileReference; lastKnownFileType = sourcecode.swift; path = SceneDelegate.swift; sourceTree = "<group>"; };
		C83EC50B2C84AAE7006DB0E1 /* ViewController.swift */ = {isa = PBXFileReference; lastKnownFileType = sourcecode.swift; path = ViewController.swift; sourceTree = "<group>"; };
		C83EC50E2C84AAE7006DB0E1 /* Base */ = {isa = PBXFileReference; lastKnownFileType = file.storyboard; name = Base; path = Base.lproj/Main.storyboard; sourceTree = "<group>"; };
		C83EC5102C84AAE8006DB0E1 /* Assets.xcassets */ = {isa = PBXFileReference; lastKnownFileType = folder.assetcatalog; path = Assets.xcassets; sourceTree = "<group>"; };
		C83EC5132C84AAE8006DB0E1 /* Base */ = {isa = PBXFileReference; lastKnownFileType = file.storyboard; name = Base; path = Base.lproj/LaunchScreen.storyboard; sourceTree = "<group>"; };
		C83EC5152C84AAE8006DB0E1 /* Info.plist */ = {isa = PBXFileReference; lastKnownFileType = text.plist.xml; path = Info.plist; sourceTree = "<group>"; };
		C83EC51A2C84AAE8006DB0E1 /* ImageLoadingWithCacheTests.xctest */ = {isa = PBXFileReference; explicitFileType = wrapper.cfbundle; includeInIndex = 0; path = ImageLoadingWithCacheTests.xctest; sourceTree = BUILT_PRODUCTS_DIR; };
		C83EC51E2C84AAE8006DB0E1 /* ImageLoadingWithCacheTests.swift */ = {isa = PBXFileReference; lastKnownFileType = sourcecode.swift; path = ImageLoadingWithCacheTests.swift; sourceTree = "<group>"; };
		C83EC5242C84AAE8006DB0E1 /* ImageLoadingWithCacheUITests.xctest */ = {isa = PBXFileReference; explicitFileType = wrapper.cfbundle; includeInIndex = 0; path = ImageLoadingWithCacheUITests.xctest; sourceTree = BUILT_PRODUCTS_DIR; };
		C83EC5282C84AAE8006DB0E1 /* ImageLoadingWithCacheUITests.swift */ = {isa = PBXFileReference; lastKnownFileType = sourcecode.swift; path = ImageLoadingWithCacheUITests.swift; sourceTree = "<group>"; };
		C83EC52A2C84AAE8006DB0E1 /* ImageLoadingWithCacheUITestsLaunchTests.swift */ = {isa = PBXFileReference; lastKnownFileType = sourcecode.swift; path = ImageLoadingWithCacheUITestsLaunchTests.swift; sourceTree = "<group>"; };
/* End PBXFileReference section */

/* Begin PBXFrameworksBuildPhase section */
		C83EC5012C84AAE7006DB0E1 /* Frameworks */ = {
			isa = PBXFrameworksBuildPhase;
			buildActionMask = 2147483647;
			files = (
			);
			runOnlyForDeploymentPostprocessing = 0;
		};
		C83EC5172C84AAE8006DB0E1 /* Frameworks */ = {
			isa = PBXFrameworksBuildPhase;
			buildActionMask = 2147483647;
			files = (
			);
			runOnlyForDeploymentPostprocessing = 0;
		};
		C83EC5212C84AAE8006DB0E1 /* Frameworks */ = {
			isa = PBXFrameworksBuildPhase;
			buildActionMask = 2147483647;
			files = (
			);
			runOnlyForDeploymentPostprocessing = 0;
		};
/* End PBXFrameworksBuildPhase section */

/* Begin PBXGroup section */
		C83EC4FB2C84AAE7006DB0E1 = {
			isa = PBXGroup;
			children = (
				C83EC5062C84AAE7006DB0E1 /* ImageLoadingWithCache */,
				C83EC51D2C84AAE8006DB0E1 /* ImageLoadingWithCacheTests */,
				C83EC5272C84AAE8006DB0E1 /* ImageLoadingWithCacheUITests */,
				C83EC5052C84AAE7006DB0E1 /* Products */,
			);
			sourceTree = "<group>";
		};
		C83EC5052C84AAE7006DB0E1 /* Products */ = {
			isa = PBXGroup;
			children = (
				C83EC5042C84AAE7006DB0E1 /* ImageLoadingWithCache.app */,
				C83EC51A2C84AAE8006DB0E1 /* ImageLoadingWithCacheTests.xctest */,
				C83EC5242C84AAE8006DB0E1 /* ImageLoadingWithCacheUITests.xctest */,
			);
			name = Products;
			sourceTree = "<group>";
		};
		C83EC5062C84AAE7006DB0E1 /* ImageLoadingWithCache */ = {
			isa = PBXGroup;
			children = (
				C83EC5072C84AAE7006DB0E1 /* AppDelegate.swift */,
				C83EC5092C84AAE7006DB0E1 /* SceneDelegate.swift */,
				C83EC50B2C84AAE7006DB0E1 /* ViewController.swift */,
				C83EC50D2C84AAE7006DB0E1 /* Main.storyboard */,
				C83EC5102C84AAE8006DB0E1 /* Assets.xcassets */,
				C83EC5122C84AAE8006DB0E1 /* LaunchScreen.storyboard */,
				C83EC5152C84AAE8006DB0E1 /* Info.plist */,
			);
			path = ImageLoadingWithCache;
			sourceTree = "<group>";
		};
		C83EC51D2C84AAE8006DB0E1 /* ImageLoadingWithCacheTests */ = {
			isa = PBXGroup;
			children = (
				C83EC51E2C84AAE8006DB0E1 /* ImageLoadingWithCacheTests.swift */,
			);
			path = ImageLoadingWithCacheTests;
			sourceTree = "<group>";
		};
		C83EC5272C84AAE8006DB0E1 /* ImageLoadingWithCacheUITests */ = {
			isa = PBXGroup;
			children = (
				C83EC5282C84AAE8006DB0E1 /* ImageLoadingWithCacheUITests.swift */,
				C83EC52A2C84AAE8006DB0E1 /* ImageLoadingWithCacheUITestsLaunchTests.swift */,
			);
			path = ImageLoadingWithCacheUITests;
			sourceTree = "<group>";
		};
/* End PBXGroup section */

/* Begin PBXNativeTarget section */
		C83EC5032C84AAE7006DB0E1 /* ImageLoadingWithCache */ = {
			isa = PBXNativeTarget;
			buildConfigurationList = C83EC52E2C84AAE8006DB0E1 /* Build configuration list for PBXNativeTarget "ImageLoadingWithCache" */;
			buildPhases = (
				C83EC5002C84AAE7006DB0E1 /* Sources */,
				C83EC5012C84AAE7006DB0E1 /* Frameworks */,
				C83EC5022C84AAE7006DB0E1 /* Resources */,
			);
			buildRules = (
			);
			dependencies = (
			);
			name = ImageLoadingWithCache;
			productName = ImageLoadingWithCache;
			productReference = C83EC5042C84AAE7006DB0E1 /* ImageLoadingWithCache.app */;
			productType = "com.apple.product-type.application";
		};
		C83EC5192C84AAE8006DB0E1 /* ImageLoadingWithCacheTests */ = {
			isa = PBXNativeTarget;
			buildConfigurationList = C83EC5312C84AAE8006DB0E1 /* Build configuration list for PBXNativeTarget "ImageLoadingWithCacheTests" */;
			buildPhases = (
				C83EC5162C84AAE8006DB0E1 /* Sources */,
				C83EC5172C84AAE8006DB0E1 /* Frameworks */,
				C83EC5182C84AAE8006DB0E1 /* Resources */,
			);
			buildRules = (
			);
			dependencies = (
				C83EC51C2C84AAE8006DB0E1 /* PBXTargetDependency */,
			);
			name = ImageLoadingWithCacheTests;
			productName = ImageLoadingWithCacheTests;
			productReference = C83EC51A2C84AAE8006DB0E1 /* ImageLoadingWithCacheTests.xctest */;
			productType = "com.apple.product-type.bundle.unit-test";
		};
		C83EC5232C84AAE8006DB0E1 /* ImageLoadingWithCacheUITests */ = {
			isa = PBXNativeTarget;
			buildConfigurationList = C83EC5342C84AAE8006DB0E1 /* Build configuration list for PBXNativeTarget "ImageLoadingWithCacheUITests" */;
			buildPhases = (
				C83EC5202C84AAE8006DB0E1 /* Sources */,
				C83EC5212C84AAE8006DB0E1 /* Frameworks */,
				C83EC5222C84AAE8006DB0E1 /* Resources */,
			);
			buildRules = (
			);
			dependencies = (
				C83EC5262C84AAE8006DB0E1 /* PBXTargetDependency */,
			);
			name = ImageLoadingWithCacheUITests;
			productName = ImageLoadingWithCacheUITests;
			productReference = C83EC5242C84AAE8006DB0E1 /* ImageLoadingWithCacheUITests.xctest */;
			productType = "com.apple.product-type.bundle.ui-testing";
		};
/* End PBXNativeTarget section */

/* Begin PBXProject section */
		C83EC4FC2C84AAE7006DB0E1 /* Project object */ = {
			isa = PBXProject;
			attributes = {
				BuildIndependentTargetsInParallel = 1;
				LastSwiftUpdateCheck = 1540;
				LastUpgradeCheck = 1540;
				TargetAttributes = {
					C83EC5032C84AAE7006DB0E1 = {
						CreatedOnToolsVersion = 15.4;
					};
					C83EC5192C84AAE8006DB0E1 = {
						CreatedOnToolsVersion = 15.4;
						TestTargetID = C83EC5032C84AAE7006DB0E1;
					};
					C83EC5232C84AAE8006DB0E1 = {
						CreatedOnToolsVersion = 15.4;
						TestTargetID = C83EC5032C84AAE7006DB0E1;
					};
				};
			};
			buildConfigurationList = C83EC4FF2C84AAE7006DB0E1 /* Build configuration list for PBXProject "ImageLoadingWithCache" */;
			compatibilityVersion = "Xcode 14.0";
			developmentRegion = en;
			hasScannedForEncodings = 0;
			knownRegions = (
				en,
				Base,
			);
			mainGroup = C83EC4FB2C84AAE7006DB0E1;
			productRefGroup = C83EC5052C84AAE7006DB0E1 /* Products */;
			projectDirPath = "";
			projectRoot = "";
			targets = (
				C83EC5032C84AAE7006DB0E1 /* ImageLoadingWithCache */,
				C83EC5192C84AAE8006DB0E1 /* ImageLoadingWithCacheTests */,
				C83EC5232C84AAE8006DB0E1 /* ImageLoadingWithCacheUITests */,
			);
		};
/* End PBXProject section */

/* Begin PBXResourcesBuildPhase section */
		C83EC5022C84AAE7006DB0E1 /* Resources */ = {
			isa = PBXResourcesBuildPhase;
			buildActionMask = 2147483647;
			files = (
				C83EC5112C84AAE8006DB0E1 /* Assets.xcassets in Resources */,
				C83EC5142C84AAE8006DB0E1 /* Base in Resources */,
				C83EC50F2C84AAE7006DB0E1 /* Base in Resources */,
			);
			runOnlyForDeploymentPostprocessing = 0;
		};
		C83EC5182C84AAE8006DB0E1 /* Resources */ = {
			isa = PBXResourcesBuildPhase;
			buildActionMask = 2147483647;
			files = (
			);
			runOnlyForDeploymentPostprocessing = 0;
		};
		C83EC5222C84AAE8006DB0E1 /* Resources */ = {
			isa = PBXResourcesBuildPhase;
			buildActionMask = 2147483647;
			files = (
			);
			runOnlyForDeploymentPostprocessing = 0;
		};
/* End PBXResourcesBuildPhase section */

/* Begin PBXSourcesBuildPhase section */
		C83EC5002C84AAE7006DB0E1 /* Sources */ = {
			isa = PBXSourcesBuildPhase;
			buildActionMask = 2147483647;
			files = (
				C83EC50C2C84AAE7006DB0E1 /* ViewController.swift in Sources */,
				C83EC5082C84AAE7006DB0E1 /* AppDelegate.swift in Sources */,
				C83EC50A2C84AAE7006DB0E1 /* SceneDelegate.swift in Sources */,
			);
			runOnlyForDeploymentPostprocessing = 0;
		};
		C83EC5162C84AAE8006DB0E1 /* Sources */ = {
			isa = PBXSourcesBuildPhase;
			buildActionMask = 2147483647;
			files = (
				C83EC51F2C84AAE8006DB0E1 /* ImageLoadingWithCacheTests.swift in Sources */,
			);
			runOnlyForDeploymentPostprocessing = 0;
		};
		C83EC5202C84AAE8006DB0E1 /* Sources */ = {
			isa = PBXSourcesBuildPhase;
			buildActionMask = 2147483647;
			files = (
				C83EC52B2C84AAE8006DB0E1 /* ImageLoadingWithCacheUITestsLaunchTests.swift in Sources */,
				C83EC5292C84AAE8006DB0E1 /* ImageLoadingWithCacheUITests.swift in Sources */,
			);
			runOnlyForDeploymentPostprocessing = 0;
		};
/* End PBXSourcesBuildPhase section */

/* Begin PBXTargetDependency section */
		C83EC51C2C84AAE8006DB0E1 /* PBXTargetDependency */ = {
			isa = PBXTargetDependency;
			target = C83EC5032C84AAE7006DB0E1 /* ImageLoadingWithCache */;
			targetProxy = C83EC51B2C84AAE8006DB0E1 /* PBXContainerItemProxy */;
		};
		C83EC5262C84AAE8006DB0E1 /* PBXTargetDependency */ = {
			isa = PBXTargetDependency;
			target = C83EC5032C84AAE7006DB0E1 /* ImageLoadingWithCache */;
			targetProxy = C83EC5252C84AAE8006DB0E1 /* PBXContainerItemProxy */;
		};
/* End PBXTargetDependency section */

/* Begin PBXVariantGroup section */
		C83EC50D2C84AAE7006DB0E1 /* Main.storyboard */ = {
			isa = PBXVariantGroup;
			children = (
				C83EC50E2C84AAE7006DB0E1 /* Base */,
			);
			name = Main.storyboard;
			sourceTree = "<group>";
		};
		C83EC5122C84AAE8006DB0E1 /* LaunchScreen.storyboard */ = {
			isa = PBXVariantGroup;
			children = (
				C83EC5132C84AAE8006DB0E1 /* Base */,
			);
			name = LaunchScreen.storyboard;
			sourceTree = "<group>";
		};
/* End PBXVariantGroup section */

/* Begin XCBuildConfiguration section */
		C83EC52C2C84AAE8006DB0E1 /* Debug */ = {
			isa = XCBuildConfiguration;
			buildSettings = {
				ALWAYS_SEARCH_USER_PATHS = NO;
				ASSETCATALOG_COMPILER_GENERATE_SWIFT_ASSET_SYMBOL_EXTENSIONS = YES;
				CLANG_ANALYZER_NONNULL = YES;
				CLANG_ANALYZER_NUMBER_OBJECT_CONVERSION = YES_AGGRESSIVE;
				CLANG_CXX_LANGUAGE_STANDARD = "gnu++20";
				CLANG_ENABLE_MODULES = YES;
				CLANG_ENABLE_OBJC_ARC = YES;
				CLANG_ENABLE_OBJC_WEAK = YES;
				CLANG_WARN_BLOCK_CAPTURE_AUTORELEASING = YES;
				CLANG_WARN_BOOL_CONVERSION = YES;
				CLANG_WARN_COMMA = YES;
				CLANG_WARN_CONSTANT_CONVERSION = YES;
				CLANG_WARN_DEPRECATED_OBJC_IMPLEMENTATIONS = YES;
				CLANG_WARN_DIRECT_OBJC_ISA_USAGE = YES_ERROR;
				CLANG_WARN_DOCUMENTATION_COMMENTS = YES;
				CLANG_WARN_EMPTY_BODY = YES;
				CLANG_WARN_ENUM_CONVERSION = YES;
				CLANG_WARN_INFINITE_RECURSION = YES;
				CLANG_WARN_INT_CONVERSION = YES;
				CLANG_WARN_NON_LITERAL_NULL_CONVERSION = YES;
				CLANG_WARN_OBJC_IMPLICIT_RETAIN_SELF = YES;
				CLANG_WARN_OBJC_LITERAL_CONVERSION = YES;
				CLANG_WARN_OBJC_ROOT_CLASS = YES_ERROR;
				CLANG_WARN_QUOTED_INCLUDE_IN_FRAMEWORK_HEADER = YES;
				CLANG_WARN_RANGE_LOOP_ANALYSIS = YES;
				CLANG_WARN_STRICT_PROTOTYPES = YES;
				CLANG_WARN_SUSPICIOUS_MOVE = YES;
				CLANG_WARN_UNGUARDED_AVAILABILITY = YES_AGGRESSIVE;
				CLANG_WARN_UNREACHABLE_CODE = YES;
				CLANG_WARN__DUPLICATE_METHOD_MATCH = YES;
				COPY_PHASE_STRIP = NO;
				DEBUG_INFORMATION_FORMAT = dwarf;
				ENABLE_STRICT_OBJC_MSGSEND = YES;
				ENABLE_TESTABILITY = YES;
				ENABLE_USER_SCRIPT_SANDBOXING = YES;
				GCC_C_LANGUAGE_STANDARD = gnu17;
				GCC_DYNAMIC_NO_PIC = NO;
				GCC_NO_COMMON_BLOCKS = YES;
				GCC_OPTIMIZATION_LEVEL = 0;
				GCC_PREPROCESSOR_DEFINITIONS = (
					"DEBUG=1",
					"$(inherited)",
				);
				GCC_WARN_64_TO_32_BIT_CONVERSION = YES;
				GCC_WARN_ABOUT_RETURN_TYPE = YES_ERROR;
				GCC_WARN_UNDECLARED_SELECTOR = YES;
				GCC_WARN_UNINITIALIZED_AUTOS = YES_AGGRESSIVE;
				GCC_WARN_UNUSED_FUNCTION = YES;
				GCC_WARN_UNUSED_VARIABLE = YES;
				IPHONEOS_DEPLOYMENT_TARGET = 17.5;
				LOCALIZATION_PREFERS_STRING_CATALOGS = YES;
				MTL_ENABLE_DEBUG_INFO = INCLUDE_SOURCE;
				MTL_FAST_MATH = YES;
				ONLY_ACTIVE_ARCH = YES;
				SDKROOT = iphoneos;
				SWIFT_ACTIVE_COMPILATION_CONDITIONS = "DEBUG $(inherited)";
				SWIFT_OPTIMIZATION_LEVEL = "-Onone";
			};
			name = Debug;
		};
		C83EC52D2C84AAE8006DB0E1 /* Release */ = {
			isa = XCBuildConfiguration;
			buildSettings = {
				ALWAYS_SEARCH_USER_PATHS = NO;
				ASSETCATALOG_COMPILER_GENERATE_SWIFT_ASSET_SYMBOL_EXTENSIONS = YES;
				CLANG_ANALYZER_NONNULL = YES;
				CLANG_ANALYZER_NUMBER_OBJECT_CONVERSION = YES_AGGRESSIVE;
				CLANG_CXX_LANGUAGE_STANDARD = "gnu++20";
				CLANG_ENABLE_MODULES = YES;
				CLANG_ENABLE_OBJC_ARC = YES;
				CLANG_ENABLE_OBJC_WEAK = YES;
				CLANG_WARN_BLOCK_CAPTURE_AUTORELEASING = YES;
				CLANG_WARN_BOOL_CONVERSION = YES;
				CLANG_WARN_COMMA = YES;
				CLANG_WARN_CONSTANT_CONVERSION = YES;
				CLANG_WARN_DEPRECATED_OBJC_IMPLEMENTATIONS = YES;
				CLANG_WARN_DIRECT_OBJC_ISA_USAGE = YES_ERROR;
				CLANG_WARN_DOCUMENTATION_COMMENTS = YES;
				CLANG_WARN_EMPTY_BODY = YES;
				CLANG_WARN_ENUM_CONVERSION = YES;
				CLANG_WARN_INFINITE_RECURSION = YES;
				CLANG_WARN_INT_CONVERSION = YES;
				CLANG_WARN_NON_LITERAL_NULL_CONVERSION = YES;
				CLANG_WARN_OBJC_IMPLICIT_RETAIN_SELF = YES;
				CLANG_WARN_OBJC_LITERAL_CONVERSION = YES;
				CLANG_WARN_OBJC_ROOT_CLASS = YES_ERROR;
				CLANG_WARN_QUOTED_INCLUDE_IN_FRAMEWORK_HEADER = YES;
				CLANG_WARN_RANGE_LOOP_ANALYSIS = YES;
				CLANG_WARN_STRICT_PROTOTYPES = YES;
				CLANG_WARN_SUSPICIOUS_MOVE = YES;
				CLANG_WARN_UNGUARDED_AVAILABILITY = YES_AGGRESSIVE;
				CLANG_WARN_UNREACHABLE_CODE = YES;
				CLANG_WARN__DUPLICATE_METHOD_MATCH = YES;
				COPY_PHASE_STRIP = NO;
				DEBUG_INFORMATION_FORMAT = "dwarf-with-dsym";
				ENABLE_NS_ASSERTIONS = NO;
				ENABLE_STRICT_OBJC_MSGSEND = YES;
				ENABLE_USER_SCRIPT_SANDBOXING = YES;
				GCC_C_LANGUAGE_STANDARD = gnu17;
				GCC_NO_COMMON_BLOCKS = YES;
				GCC_WARN_64_TO_32_BIT_CONVERSION = YES;
				GCC_WARN_ABOUT_RETURN_TYPE = YES_ERROR;
				GCC_WARN_UNDECLARED_SELECTOR = YES;
				GCC_WARN_UNINITIALIZED_AUTOS = YES_AGGRESSIVE;
				GCC_WARN_UNUSED_FUNCTION = YES;
				GCC_WARN_UNUSED_VARIABLE = YES;
				IPHONEOS_DEPLOYMENT_TARGET = 17.5;
				LOCALIZATION_PREFERS_STRING_CATALOGS = YES;
				MTL_ENABLE_DEBUG_INFO = NO;
				MTL_FAST_MATH = YES;
				SDKROOT = iphoneos;
				SWIFT_COMPILATION_MODE = wholemodule;
				VALIDATE_PRODUCT = YES;
			};
			name = Release;
		};
		C83EC52F2C84AAE8006DB0E1 /* Debug */ = {
			isa = XCBuildConfiguration;
			buildSettings = {
				ASSETCATALOG_COMPILER_APPICON_NAME = AppIcon;
				ASSETCATALOG_COMPILER_GLOBAL_ACCENT_COLOR_NAME = AccentColor;
				CODE_SIGN_STYLE = Automatic;
				CURRENT_PROJECT_VERSION = 1;
				GENERATE_INFOPLIST_FILE = YES;
				INFOPLIST_FILE = ImageLoadingWithCache/Info.plist;
				INFOPLIST_KEY_UIApplicationSupportsIndirectInputEvents = YES;
				INFOPLIST_KEY_UILaunchStoryboardName = LaunchScreen;
				INFOPLIST_KEY_UIMainStoryboardFile = Main;
				INFOPLIST_KEY_UISupportedInterfaceOrientations_iPad = "UIInterfaceOrientationPortrait UIInterfaceOrientationPortraitUpsideDown UIInterfaceOrientationLandscapeLeft UIInterfaceOrientationLandscapeRight";
				INFOPLIST_KEY_UISupportedInterfaceOrientations_iPhone = "UIInterfaceOrientationPortrait UIInterfaceOrientationLandscapeLeft UIInterfaceOrientationLandscapeRight";
				LD_RUNPATH_SEARCH_PATHS = (
					"$(inherited)",
					"@executable_path/Frameworks",
				);
				MARKETING_VERSION = 1.0;
				PRODUCT_BUNDLE_IDENTIFIER = jrod.ImageLoadingWithCache;
				PRODUCT_NAME = "$(TARGET_NAME)";
				SWIFT_EMIT_LOC_STRINGS = YES;
				SWIFT_VERSION = 5.0;
				TARGETED_DEVICE_FAMILY = "1,2";
			};
			name = Debug;
		};
		C83EC5302C84AAE8006DB0E1 /* Release */ = {
			isa = XCBuildConfiguration;
			buildSettings = {
				ASSETCATALOG_COMPILER_APPICON_NAME = AppIcon;
				ASSETCATALOG_COMPILER_GLOBAL_ACCENT_COLOR_NAME = AccentColor;
				CODE_SIGN_STYLE = Automatic;
				CURRENT_PROJECT_VERSION = 1;
				GENERATE_INFOPLIST_FILE = YES;
				INFOPLIST_FILE = ImageLoadingWithCache/Info.plist;
				INFOPLIST_KEY_UIApplicationSupportsIndirectInputEvents = YES;
				INFOPLIST_KEY_UILaunchStoryboardName = LaunchScreen;
				INFOPLIST_KEY_UIMainStoryboardFile = Main;
				INFOPLIST_KEY_UISupportedInterfaceOrientations_iPad = "UIInterfaceOrientationPortrait UIInterfaceOrientationPortraitUpsideDown UIInterfaceOrientationLandscapeLeft UIInterfaceOrientationLandscapeRight";
				INFOPLIST_KEY_UISupportedInterfaceOrientations_iPhone = "UIInterfaceOrientationPortrait UIInterfaceOrientationLandscapeLeft UIInterfaceOrientationLandscapeRight";
				LD_RUNPATH_SEARCH_PATHS = (
					"$(inherited)",
					"@executable_path/Frameworks",
				);
				MARKETING_VERSION = 1.0;
				PRODUCT_BUNDLE_IDENTIFIER = jrod.ImageLoadingWithCache;
				PRODUCT_NAME = "$(TARGET_NAME)";
				SWIFT_EMIT_LOC_STRINGS = YES;
				SWIFT_VERSION = 5.0;
				TARGETED_DEVICE_FAMILY = "1,2";
			};
			name = Release;
		};
		C83EC5322C84AAE8006DB0E1 /* Debug */ = {
			isa = XCBuildConfiguration;
			buildSettings = {
				ALWAYS_EMBED_SWIFT_STANDARD_LIBRARIES = YES;
				BUNDLE_LOADER = "$(TEST_HOST)";
				CODE_SIGN_STYLE = Automatic;
				CURRENT_PROJECT_VERSION = 1;
				GENERATE_INFOPLIST_FILE = YES;
				IPHONEOS_DEPLOYMENT_TARGET = 17.5;
				MARKETING_VERSION = 1.0;
				PRODUCT_BUNDLE_IDENTIFIER = jrod.ImageLoadingWithCacheTests;
				PRODUCT_NAME = "$(TARGET_NAME)";
				SWIFT_EMIT_LOC_STRINGS = NO;
				SWIFT_VERSION = 5.0;
				TARGETED_DEVICE_FAMILY = "1,2";
				TEST_HOST = "$(BUILT_PRODUCTS_DIR)/ImageLoadingWithCache.app/$(BUNDLE_EXECUTABLE_FOLDER_PATH)/ImageLoadingWithCache";
			};
			name = Debug;
		};
		C83EC5332C84AAE8006DB0E1 /* Release */ = {
			isa = XCBuildConfiguration;
			buildSettings = {
				ALWAYS_EMBED_SWIFT_STANDARD_LIBRARIES = YES;
				BUNDLE_LOADER = "$(TEST_HOST)";
				CODE_SIGN_STYLE = Automatic;
				CURRENT_PROJECT_VERSION = 1;
				GENERATE_INFOPLIST_FILE = YES;
				IPHONEOS_DEPLOYMENT_TARGET = 17.5;
				MARKETING_VERSION = 1.0;
				PRODUCT_BUNDLE_IDENTIFIER = jrod.ImageLoadingWithCacheTests;
				PRODUCT_NAME = "$(TARGET_NAME)";
				SWIFT_EMIT_LOC_STRINGS = NO;
				SWIFT_VERSION = 5.0;
				TARGETED_DEVICE_FAMILY = "1,2";
				TEST_HOST = "$(BUILT_PRODUCTS_DIR)/ImageLoadingWithCache.app/$(BUNDLE_EXECUTABLE_FOLDER_PATH)/ImageLoadingWithCache";
			};
			name = Release;
		};
		C83EC5352C84AAE8006DB0E1 /* Debug */ = {
			isa = XCBuildConfiguration;
			buildSettings = {
				ALWAYS_EMBED_SWIFT_STANDARD_LIBRARIES = YES;
				CODE_SIGN_STYLE = Automatic;
				CURRENT_PROJECT_VERSION = 1;
				GENERATE_INFOPLIST_FILE = YES;
				MARKETING_VERSION = 1.0;
				PRODUCT_BUNDLE_IDENTIFIER = jrod.ImageLoadingWithCacheUITests;
				PRODUCT_NAME = "$(TARGET_NAME)";
				SWIFT_EMIT_LOC_STRINGS = NO;
				SWIFT_VERSION = 5.0;
				TARGETED_DEVICE_FAMILY = "1,2";
				TEST_TARGET_NAME = ImageLoadingWithCache;
			};
			name = Debug;
		};
		C83EC5362C84AAE8006DB0E1 /* Release */ = {
			isa = XCBuildConfiguration;
			buildSettings = {
				ALWAYS_EMBED_SWIFT_STANDARD_LIBRARIES = YES;
				CODE_SIGN_STYLE = Automatic;
				CURRENT_PROJECT_VERSION = 1;
				GENERATE_INFOPLIST_FILE = YES;
				MARKETING_VERSION = 1.0;
				PRODUCT_BUNDLE_IDENTIFIER = jrod.ImageLoadingWithCacheUITests;
				PRODUCT_NAME = "$(TARGET_NAME)";
				SWIFT_EMIT_LOC_STRINGS = NO;
				SWIFT_VERSION = 5.0;
				TARGETED_DEVICE_FAMILY = "1,2";
				TEST_TARGET_NAME = ImageLoadingWithCache;
			};
			name = Release;
		};
/* End XCBuildConfiguration section */

/* Begin XCConfigurationList section */
		C83EC4FF2C84AAE7006DB0E1 /* Build configuration list for PBXProject "ImageLoadingWithCache" */ = {
			isa = XCConfigurationList;
			buildConfigurations = (
				C83EC52C2C84AAE8006DB0E1 /* Debug */,
				C83EC52D2C84AAE8006DB0E1 /* Release */,
			);
			defaultConfigurationIsVisible = 0;
			defaultConfigurationName = Release;
		};
		C83EC52E2C84AAE8006DB0E1 /* Build configuration list for PBXNativeTarget "ImageLoadingWithCache" */ = {
			isa = XCConfigurationList;
			buildConfigurations = (
				C83EC52F2C84AAE8006DB0E1 /* Debug */,
				C83EC5302C84AAE8006DB0E1 /* Release */,
			);
			defaultConfigurationIsVisible = 0;
			defaultConfigurationName = Release;
		};
		C83EC5312C84AAE8006DB0E1 /* Build configuration list for PBXNativeTarget "ImageLoadingWithCacheTests" */ = {
			isa = XCConfigurationList;
			buildConfigurations = (
				C83EC5322C84AAE8006DB0E1 /* Debug */,
				C83EC5332C84AAE8006DB0E1 /* Release */,
			);
			defaultConfigurationIsVisible = 0;
			defaultConfigurationName = Release;
		};
		C83EC5342C84AAE8006DB0E1 /* Build configuration list for PBXNativeTarget "ImageLoadingWithCacheUITests" */ = {
			isa = XCConfigurationList;
			buildConfigurations = (
				C83EC5352C84AAE8006DB0E1 /* Debug */,
				C83EC5362C84AAE8006DB0E1 /* Release */,
			);
			defaultConfigurationIsVisible = 0;
			defaultConfigurationName = Release;
		};
/* End XCConfigurationList section */
	};
	rootObject = C83EC4FC2C84AAE7006DB0E1 /* Project object */;
}
